
Microsoft Visual Studio Solution File, Format Version 12.00
# Visual Studio 15
VisualStudioVersion = 15.0.27703.2047
MinimumVisualStudioVersion = 10.0.40219.1
Project("{888888A0-9F3D-457C-B088-3A5042F75D52}") = "FlaskWebProject4", "FlaskWebProject4\FlaskWebProject4.pyproj", "{F43B4574-7C2A-40BB-9245-F17DE31F509B}"
EndProject
Global
	GlobalSection(SolutionConfigurationPlatforms) = preSolution
		Debug|Any CPU = Debug|Any CPU
		Release|Any CPU = Release|Any CPU
	EndGlobalSection
	GlobalSection(ProjectConfigurationPlatforms) = postSolution
		{F43B4574-7C2A-40BB-9245-F17DE31F509B}.Debug|Any CPU.ActiveCfg = Debug|Any CPU
		{F43B4574-7C2A-40BB-9245-F17DE31F509B}.Debug|Any CPU.Build.0 = Debug|Any CPU
		{F43B4574-7C2A-40BB-9245-F17DE31F509B}.Release|Any CPU.ActiveCfg = Release|Any CPU
		{F43B4574-7C2A-40BB-9245-F17DE31F509B}.Release|Any CPU.Build.0 = Release|Any CPU
	EndGlobalSection
	GlobalSection(SolutionProperties) = preSolution
		HideSolutionNode = FALSE
	EndGlobalSection
	GlobalSection(ExtensibilityGlobals) = postSolution
		SolutionGuid = {CDE54190-3B0B-418A-9D5E-CA5B82CB8CD4}
	EndGlobalSection
EndGlobal
